{
    "_meta": {
        "hash": {
            "sha256": "653fffb2ed446a1b6b27732a9aa2f32400244880e5b3a7bafc05f5e1ff22289a"
        },
        "pipfile-spec": 6,
        "requires": {
            "python_version": "3.7.0"
        },
        "sources": [
            {
                "name": "pypi",
                "url": "https://pypi.org/simple",
                "verify_ssl": true
            }
        ]
    },
    "default": {},
    "develop": {}
}
